version = 1
revision = 3
requires-python = ">=3.12"

[[package]]
name = "colorama"
version = "0.4.6"
source = { registry = "https://pypi.org/simple" }
sdist = { url = "https://files.pythonhosted.org/packages/d8/53/6f443c9a4a8358a93a6792e2acffb9d9d5cb0a5cfd8802644b7b1c9a02e4/colorama-0.4.6.tar.gz", hash = "sha256:08695f5cb7ed6e0531a20572697297273c47b8cae5a63ffc6d6ed5c201be6e44", size = 27697, upload-time = "2022-10-25T02:36:22.414Z" }
wheels = [
    { url = "https://files.pythonhosted.org/packages/d1/d6/3965ed04c63042e047cb6a3e6ed1a63a35087b6a609aa3a15ed8ac56c221/colorama-0.4.6-py2.py3-none-any.whl", hash = "sha256:4f1d9991f5acc0ca119f9d443620b77f9d6b33703e51011c16baf57afb285fc6", size = 25335, upload-time = "2022-10-25T02:36:20.889Z" },
]

[[package]]
name = "iniconfig"
version = "2.3.0"
source = { registry = "https://pypi.org/simple" }
sdist = { url = "https://files.pythonhosted.org/packages/72/34/14ca021ce8e5dfedc35312d08ba8bf51fdd999c576889fc2c24cb97f4f10/iniconfig-2.3.0.tar.gz", hash = "sha256:c76315c77db068650d49c5b56314774a7804df16fee4402c1f19d6d15d8c4730", size = 20503, upload-time = "2025-10-18T21:55:43.219Z" }
wheels = [
    { url = "https://files.pythonhosted.org/packages/cb/b1/3846dd7f199d53cb17f49cba7e651e9ce294d8497c8c150530ed11865bb8/iniconfig-2.3.0-py3-none-any.whl", hash = "sha256:f631c04d2c48c52b84d0d0549c99ff3859c98df65b3101406327ecc7d53fbf12", size = 7484, upload-time = "2025-10-18T21:55:41.639Z" },
]

[[package]]
name = "meme-pilot"
version = "0.1.0"
source = { virtual = "." }
dependencies = [
    { name = "rapidfuzz" },
    { name = "ujson" },
]

[package.dev-dependencies]
dev = [
    { name = "pytest" },
]

[package.metadata]
requires-dist = [
    { name = "rapidfuzz", specifier = ">=3.14.5" },
    { name = "ujson", specifier = ">=5.13.0" },
]

[package.metadata.requires-dev]
dev = [{ name = "pytest", specifier = ">=9.1.0" }]

[[package]]
name = "packaging"
version = "26.2"
source = { registry = "https://pypi.org/simple" }
sdist = { url = "https://files.pythonhosted.org/packages/d7/f1/e7a6dd94a8d4a5626c03e4e99c87f241ba9e350cd9e6d75123f992427270/packaging-26.2.tar.gz", hash = "sha256:ff452ff5a3e828ce110190feff1178bb1f2ea2281fa2075aadb987c2fb221661", size = 228134, upload-time = "2026-04-24T20:15:23.917Z" }
wheels = [
    { url = "https://files.pythonhosted.org/packages/df/b2/87e62e8c3e2f4b32e5fe99e0b86d576da1312593b39f47d8ceef365e95ed/packaging-26.2-py3-none-any.whl", hash = "sha256:5fc45236b9446107ff2415ce77c807cee2862cb6fac22b8a73826d0693b0980e", size = 100195, upload-time = "2026-04-24T20:15:22.081Z" },
]

[[package]]
name = "pluggy"
version = "1.6.0"
source = { registry = "https://pypi.org/simple" }
sdist = { url = "https://files.pythonhosted.org/packages/f9/e2/3e91f31a7d2b083fe6ef3fa267035b518369d9511ffab804f839851d2779/pluggy-1.6.0.tar.gz", hash = "sha256:7dcc130b76258d33b90f61b658791dede3486c3e6bfb003ee5c9bfb396dd22f3", size = 69412, upload-time = "2025-05-15T12:30:07.975Z" }
wheels = [
    { url = "https://files.pythonhosted.org/packages/54/20/4d324d65cc6d9205fabedc306948156824eb9f0ee1633355a8f7ec5c66bf/pluggy-1.6.0-py3-none-any.whl", hash = "sha256:e920276dd6813095e9377c0bc5566d94c932c33b27a3e3945d8389c374dd4746", size = 20538, upload-time = "2025-05-15T12:30:06.134Z" },
]

[[package]]
name = "pygments"
version = "2.20.0"
source = { registry = "https://pypi.org/simple" }
sdist = { url = "https://files.pythonhosted.org/packages/c3/b2/bc9c9196916376152d655522fdcebac55e66de6603a76a02bca1b6414f6c/pygments-2.20.0.tar.gz", hash = "sha256:6757cd03768053ff99f3039c1a36d6c0aa0b263438fcab17520b30a303a82b5f", size = 4955991, upload-time = "2026-03-29T13:29:33.898Z" }
wheels = [
    { url = "https://files.pythonhosted.org/packages/f4/7e/a72dd26f3b0f4f2bf1dd8923c85f7ceb43172af56d63c7383eb62b332364/pygments-2.20.0-py3-none-any.whl", hash = "sha256:81a9e26dd42fd28a23a2d169d86d7ac03b46e2f8b59ed4698fb4785f946d0176", size = 1231151, upload-time = "2026-03-29T13:29:30.038Z" },
]

[[package]]
name = "pytest"
version = "9.1.0"
source = { registry = "https://pypi.org/simple" }
dependencies = [
    { name = "colorama", marker = "sys_platform == 'win32'" },
    { name = "iniconfig" },
    { name = "packaging" },
    { name = "pluggy" },
    { name = "pygments" },
]
sdist = { url = "https://files.pythonhosted.org/packages/84/0e/b5858858d74958632c49b72cb25a3976ff9f632397626715be71c89d3971/pytest-9.1.0.tar.gz", hash = "sha256:41dd9148c08072446394cefd3d79701701335a9f4cae69ba92e39f6c7f5c061c", size = 1634181, upload-time = "2026-06-13T18:52:45.983Z" }
wheels = [
    { url = "https://files.pythonhosted.org/packages/8b/5a/ba30a81239b909821b3153e303e7def45178bf353da4f72380e6c5e8793b/pytest-9.1.0-py3-none-any.whl", hash = "sha256:8ebb0e7888bdf2bdfc602ec51f8f62d50200af37356c74e503c79a94f5c81f32", size = 386453, upload-time = "2026-06-13T18:52:44.045Z" },
]

[[package]]
name = "rapidfuzz"
version = "3.14.5"
source = { registry = "https://pypi.org/simple" }
sdist = { url = "https://files.pythonhosted.org/packages/2c/21/ef6157213316e85790041254259907eb722e00b03480256c0545d98acd33/rapidfuzz-3.14.5.tar.gz", hash = "sha256:ba10ac57884ce82112f7ed910b67e7fb6072d8ef2c06e30dc63c0f604a112e0e", size = 57901753, upload-time = "2026-04-07T11:16:31.931Z" }
wheels = [
    { url = "https://files.pythonhosted.org/packages/d3/e3/574435c6aafb80254c191ef40d7aca2cb2bb97a095ec9395e9fa59ac307a/rapidfuzz-3.14.5-cp312-cp312-macosx_10_13_x86_64.whl", hash = "sha256:0d3378f471ef440473a396ce2f8e97ee12f89a78b495540e0a5617bbfe895638", size = 1944601, upload-time = "2026-04-07T11:14:18.771Z" },
    { url = "https://files.pythonhosted.org/packages/d0/1f/fbad3102a255ecc112ce9a7e779bacab7fd14398217be8868dc9082ba363/rapidfuzz-3.14.5-cp312-cp312-macosx_11_0_arm64.whl", hash = "sha256:1e910eebca9fd0eba245c0555e764597e8a0cccb673a92da2dc2397050725f48", size = 1164293, upload-time = "2026-04-07T11:14:20.534Z" },
    { url = "https://files.pythonhosted.org/packages/88/37/a3eb7ff6121ed3a5f199a8c38cc86c8e481816f879cb0e0b738b078c9a7e/rapidfuzz-3.14.5-cp312-cp312-manylinux_2_26_aarch64.manylinux_2_28_aarch64.whl", hash = "sha256:01550fe5f60fd176aa66b7611289d46dc4aa4b1b904874c7b6d1d54e581c5ec1", size = 1371999, upload-time = "2026-04-07T11:14:22.63Z" },
    { url = "https://files.pythonhosted.org/packages/79/72/97a9728c711c7c1b06e107d3f0623880fb4ef90e147ed13c551a1730e7cc/rapidfuzz-3.14.5-cp312-cp312-manylinux_2_27_x86_64.manylinux_2_28_x86_64.whl", hash = "sha256:48bee0b91bebfaec41e1081e351000659ab7570cc4598d617aa04d5bf827f9e6", size = 3145715, upload-time = "2026-04-07T11:14:24.508Z" },
    { url = "https://files.pythonhosted.org/packages/ed/54/d5caabbea233ac90c286c87c260e49d7641467e87438a18d858e41c82e91/rapidfuzz-3.14.5-cp312-cp312-manylinux_2_39_riscv64.whl", hash = "sha256:7e580cb04ad849ae9b786fa21383c6b994b6e6c1444ad1cb9f22392759d72741", size = 1456304, upload-time = "2026-04-07T11:14:26.515Z" },
    { url = "https://files.pythonhosted.org/packages/fc/a7/2d1a81250ac8c01a0100c026018e76f0e7a097ff63e4c553e02a6938c6fb/rapidfuzz-3.14.5-cp312-cp312-musllinux_1_2_aarch64.whl", hash = "sha256:09d6c9ba091854f07817055d795d604179c12a8f308ba4c7d56f3719dfea1646", size = 2389089, upload-time = "2026-04-07T11:14:28.635Z" },
    { url = "https://files.pythonhosted.org/packages/65/0d/c47c3872203ae88e6506997c0b576ad731f5261daa25d559be09c9756658/rapidfuzz-3.14.5-cp312-cp312-musllinux_1_2_riscv64.whl", hash = "sha256:1e989f86113be66574113b9c7bdf4793f3f863d248e47d911b355e05ca6b6b10", size = 2493404, upload-time = "2026-04-07T11:14:30.577Z" },
    { url = "https://files.pythonhosted.org/packages/8f/2f/71e0a5a3130792146c8a200a2dd1e52aa16f7c1074012e17f2601eea9a90/rapidfuzz-3.14.5-cp312-cp312-musllinux_1_2_x86_64.whl", hash = "sha256:0ebd1a18e2e47bc0b292a07e6ed9c3642f8aaa672d12253885f599b50807a4f9", size = 4251709, upload-time = "2026-04-07T11:14:32.451Z" },
    { url = "https://files.pythonhosted.org/packages/86/45/d39874901abacef325adb5b34ae416817c8486dfb4fb87c7a9b74ec5b072/rapidfuzz-3.14.5-cp312-cp312-win32.whl", hash = "sha256:9981d38a703b86f0e315a3cd229fd1906fe1d91c989ed121fb975b3c849f89f5", size = 1710069, upload-time = "2026-04-07T11:14:34.37Z" },
    { url = "https://files.pythonhosted.org/packages/85/0b/f65572c53de8a1c704bda707f63a447b67bdbe95d7cdc70d18885e191df5/rapidfuzz-3.14.5-cp312-cp312-win_amd64.whl", hash = "sha256:d8375e3da319593389727c3187ccaf3e0e84199accc530866b8e0f2b79af05e9", size = 1540630, upload-time = "2026-04-07T11:14:36.287Z" },
    { url = "https://files.pythonhosted.org/packages/5e/c3/143be3a578f989758cae516f3270d5cbb49783a7bfdf57cc27a670e00456/rapidfuzz-3.14.5-cp312-cp312-win_arm64.whl", hash = "sha256:478b59bb018a6780d73f33e38d0b3ec5e968a6c1ed42876b993dd456b7aa20e8", size = 813137, upload-time = "2026-04-07T11:14:38.289Z" },
    { url = "https://files.pythonhosted.org/packages/11/66/252803f2010ba699618cdc048b6e1f7cc1f433c08b4a9a17579b92ab0142/rapidfuzz-3.14.5-cp313-cp313-macosx_10_13_x86_64.whl", hash = "sha256:ebd8fd343bf8492a1e60bcb6dc99f90f74f65d98d8241a6b3e1fed225b76ecd6", size = 1940205, upload-time = "2026-04-07T11:14:40.319Z" },
    { url = "https://files.pythonhosted.org/packages/ea/59/b2afd98e41af9cd54554a4c1c423d84cdd60e6b1c0a09496f033b55f60ec/rapidfuzz-3.14.5-cp313-cp313-macosx_11_0_arm64.whl", hash = "sha256:6737b35d5af7479c5bf9710f7b17edd9d2c43128d974d25fb4ea653e42c64609", size = 1159639, upload-time = "2026-04-07T11:14:42.52Z" },
    { url = "https://files.pythonhosted.org/packages/a3/31/7aa7e62c4c516a7af322ed0c4f0774208b72d457d0cfec808bad0df12f4a/rapidfuzz-3.14.5-cp313-cp313-manylinux_2_26_aarch64.manylinux_2_28_aarch64.whl", hash = "sha256:b002c7994cc9f2bc9d9856f0fbaee6e8072c983873846c92f25cefba5b2a925f", size = 1367194, upload-time = "2026-04-07T11:14:44.25Z" },
    { url = "https://files.pythonhosted.org/packages/90/79/2fc252a63bc91d3c3b234d0a3a6ad4ebc460037a23cdcdaf9285f986e6c9/rapidfuzz-3.14.5-cp313-cp313-manylinux_2_27_x86_64.manylinux_2_28_x86_64.whl", hash = "sha256:17a34330cd2a538c1ce5d400b61ba358c5b72c654b928ff87b362e88f8b864c7", size = 3151805, upload-time = "2026-04-07T11:14:46.21Z" },
    { url = "https://files.pythonhosted.org/packages/17/54/0c83508f2683ea70e2d05f8527eb07328acf7bb1e9d97a3bece5702378e7/rapidfuzz-3.14.5-cp313-cp313-manylinux_2_39_riscv64.whl", hash = "sha256:95d937e74c1a7a1287dfb03b62a827be08ede10a155cf1af73bbf47f2b73ee6e", size = 1455667, upload-time = "2026-04-07T11:14:47.991Z" },
    { url = "https://files.pythonhosted.org/packages/71/1b/070175e873177814d58850a01ebe80e20ae11e93eb4da894d563988660fa/rapidfuzz-3.14.5-cp313-cp313-musllinux_1_2_aarch64.whl", hash = "sha256:46b92a9970dcc34f0096901c792644094cab49554ac3547f35e3aebbdf0a3610", size = 2388246, upload-time = "2026-04-07T11:14:50.098Z" },
    { url = "https://files.pythonhosted.org/packages/c9/dd/77caf7aaf9c2be050ad1f128d7c24ff0f59079aa62c5f62f9df41c0af45e/rapidfuzz-3.14.5-cp313-cp313-musllinux_1_2_riscv64.whl", hash = "sha256:e012177c8e8a8a0754ae0d6027d63042aa5ff036d9f40f07cb3466a6082e21b8", size = 2494333, upload-time = "2026-04-07T11:14:52.303Z" },
    { url = "https://files.pythonhosted.org/packages/2c/e2/dd7e1f2aa31a8fbbfc16b0610af1d770ffaf1287490f3c8c5b1c52da264f/rapidfuzz-3.14.5-cp313-cp313-musllinux_1_2_x86_64.whl", hash = "sha256:a2ae6f53f99c9a0eca7a0afc5b4e45fc73bc1dd4ac74c00509031d76df80ed98", size = 4258579, upload-time = "2026-04-07T11:14:54.538Z" },
    { url = "https://files.pythonhosted.org/packages/9c/0a/ac99e1ba347ba0e85e0bb60b74231d55fb93c0eff43f2920ccb413d0be08/rapidfuzz-3.14.5-cp313-cp313-win32.whl", hash = "sha256:4a60f0057231188e3bd30216f7b4e0f279b11fa4ec818bb6c1d9f014d1562fbc", size = 1709231, upload-time = "2026-04-07T11:14:56.524Z" },
    { url = "https://files.pythonhosted.org/packages/cf/cb/0e251d731b3166378644238e8f0cf9e89858c024e19f75ca9f7e3ae83fd5/rapidfuzz-3.14.5-cp313-cp313-win_amd64.whl", hash = "sha256:11bfc2ed8fbe4ab86bd516fadefab126f90e6dcadffa761739fcb304707dfd35", size = 1538519, upload-time = "2026-04-07T11:14:58.635Z" },
    { url = "https://files.pythonhosted.org/packages/30/6f/4548132acc947db6d5346a248e44a8b3a22d608ef30e770fb578caaf2d00/rapidfuzz-3.14.5-cp313-cp313-win_arm64.whl", hash = "sha256:b486b5218808f6f4dc471b114b1054e63553db69705c97da0271f47bd706aedd", size = 812628, upload-time = "2026-04-07T11:15:00.552Z" },
    { url = "https://files.pythonhosted.org/packages/00/60/69b177577290c5eab892c6f75fe89c3aff3f9ae80298a78d9372b1cecb9a/rapidfuzz-3.14.5-cp313-cp313t-macosx_10_13_x86_64.whl", hash = "sha256:39ef8658aaf67d51667e7bdaf7096f432333377d8302ac43c70b5df8a4cf89b8", size = 1970231, upload-time = "2026-04-07T11:15:02.603Z" },
    { url = "https://files.pythonhosted.org/packages/48/38/2fd790052659cc4e2907b63c25433f0987864b445c1aeec1a302ef5ad948/rapidfuzz-3.14.5-cp313-cp313t-macosx_11_0_arm64.whl", hash = "sha256:9ad37a0be705b544af6296da8edddc260d10a8ae5462530fc9991f66498bb1f9", size = 1194394, upload-time = "2026-04-07T11:15:04.572Z" },
    { url = "https://files.pythonhosted.org/packages/80/f4/28430ad8472fc3536e8ebd51a864a226e979cfe924c6e3f83d111373aa74/rapidfuzz-3.14.5-cp313-cp313t-manylinux_2_26_aarch64.manylinux_2_28_aarch64.whl", hash = "sha256:d45e06f60729e07d9b20c205f7e5cff90b6ef2584e852eecf46e045aea69627d", size = 1377051, upload-time = "2026-04-07T11:15:06.728Z" },
    { url = "https://files.pythonhosted.org/packages/77/7e/9aeacabcfd1e77397968362e5b98fe14248b8307011136b17daf99752a8e/rapidfuzz-3.14.5-cp313-cp313t-manylinux_2_27_x86_64.manylinux_2_28_x86_64.whl", hash = "sha256:e52da10236aa6212de71b9e170bace65b64b129c0dea7fc243d6c9ce976f5074", size = 3160565, upload-time = "2026-04-07T11:15:08.667Z" },
    { url = "https://files.pythonhosted.org/packages/56/f4/db4dd7be0cd2f2022117ac5407d905f435d60e48baaea313a567ad27e865/rapidfuzz-3.14.5-cp313-cp313t-manylinux_2_39_riscv64.whl", hash = "sha256:440d30faaf682ca496170a7f0cc5453ec942e3e079f0fd802c9a7f938dfb50a3", size = 1442113, upload-time = "2026-04-07T11:15:11.138Z" },
    { url = "https://files.pythonhosted.org/packages/a4/99/0e9f6aa57f3e32a767216f797e56dc96b720fcecfb9d8ee907ecc82f8d66/rapidfuzz-3.14.5-cp313-cp313t-musllinux_1_2_aarch64.whl", hash = "sha256:56227a61fd3d17b0cd9793132431f3a3d07c8654be96794ba9f89fe0fc8b2d09", size = 2396618, upload-time = "2026-04-07T11:15:13.154Z" },
    { url = "https://files.pythonhosted.org/packages/60/94/44a78e39ffce17cbdd3e2b53b696acc751d5d153be0f499d052b07a4d904/rapidfuzz-3.14.5-cp313-cp313t-musllinux_1_2_riscv64.whl", hash = "sha256:2e83cd2e25bb4edd97b689d9979d9c3acccdaaf26ceac08212ceece202febcfa", size = 2478220, upload-time = "2026-04-07T11:15:15.193Z" },
    { url = "https://files.pythonhosted.org/packages/dd/df/454311469a09a507e9d784a35796742bec22e4cebe75551e2da4e0e290fd/rapidfuzz-3.14.5-cp313-cp313t-musllinux_1_2_x86_64.whl", hash = "sha256:af3b859726cd3374287e405e14b9634563c078c5531a4f62375508addebddad1", size = 4265027, upload-time = "2026-04-07T11:15:17.28Z" },
    { url = "https://files.pythonhosted.org/packages/fc/01/175465a9ab3e3b70ba669058372f009d1d49c1746e2dcd56b69df188d3a5/rapidfuzz-3.14.5-cp313-cp313t-win32.whl", hash = "sha256:8ce1d850b3c0178440efde9e884d98421b5e87ff925f364d6d79e23910d7593f", size = 1766814, upload-time = "2026-04-07T11:15:19.687Z" },
    { url = "https://files.pythonhosted.org/packages/1b/a0/a9b84a47af06ebed94a1439eb2f02adebfb8628bcd30af1fe3e02f5ef56c/rapidfuzz-3.14.5-cp313-cp313t-win_amd64.whl", hash = "sha256:c84af70bcf34e99aee894e46a0f1ac77f17d0ef828179c387407642e2466d28a", size = 1582448, upload-time = "2026-04-07T11:15:21.98Z" },
    { url = "https://files.pythonhosted.org/packages/1e/f1/5937800238b3f8248e70860d79f69ba8f73e764fff47e36bc9e2f26dbcc6/rapidfuzz-3.14.5-cp313-cp313t-win_arm64.whl", hash = "sha256:aac0ad28c686a5e72b81668b906c030ee28050b244544b8af68e12fb32543895", size = 832932, upload-time = "2026-04-07T11:15:24.358Z" },
    { url = "https://files.pythonhosted.org/packages/81/41/aa3ffb3355e62e1bf91f6599b3092e866bc88487a07c524004943c7676df/rapidfuzz-3.14.5-cp314-cp314-macosx_10_15_x86_64.whl", hash = "sha256:1a31cc6d7d03e7318a0974c038959c59e19c752b81115f2e9138b3331cd64d45", size = 1943327, upload-time = "2026-04-07T11:15:26.266Z" },
    { url = "https://files.pythonhosted.org/packages/2d/e1/c2141f1840a41e07ad2db6f724945f8f8ff3065463899a22939152dd6e09/rapidfuzz-3.14.5-cp314-cp314-macosx_11_0_arm64.whl", hash = "sha256:0298d357e2bc59d572da4db0bc631009b6f8f6c9bc8c11e99a12b833f16b6575", size = 1161755, upload-time = "2026-04-07T11:15:28.659Z" },
    { url = "https://files.pythonhosted.org/packages/ca/07/66e753eeaa353161d1d331b7dd517bb349b0bacfebe8496d7b26be26f81f/rapidfuzz-3.14.5-cp314-cp314-manylinux_2_26_aarch64.manylinux_2_28_aarch64.whl", hash = "sha256:59b3dba758661a318995655435c6ab20a04ade79fa51e75bc8dc107cac8df280", size = 1376571, upload-time = "2026-04-07T11:15:31.225Z" },
    { url = "https://files.pythonhosted.org/packages/c8/85/9535df0b78ba51f478c9ce7eb6d1f85535cc31fe356773b48fd9d3e563ca/rapidfuzz-3.14.5-cp314-cp314-manylinux_2_27_x86_64.manylinux_2_28_x86_64.whl", hash = "sha256:4900143d82071bdda533b00300c40b14b963ff826b3642cc463b6dd0f036585e", size = 3156468, upload-time = "2026-04-07T11:15:33.428Z" },
    { url = "https://files.pythonhosted.org/packages/81/ee/b667eb93bba6dc4e0de658edd778e1619dc4d6aab68fa5e5c7f075152735/rapidfuzz-3.14.5-cp314-cp314-manylinux_2_39_riscv64.whl", hash = "sha256:feedf219672eef83ea6be6f3bb093bba396a8560fc75be85ba225f082903df0a", size = 1458311, upload-time = "2026-04-07T11:15:35.557Z" },
    { url = "https://files.pythonhosted.org/packages/7d/ce/479074f5624364a48df3403c538797ef22d3ac49c19dc76c3f79fcdcc70c/rapidfuzz-3.14.5-cp314-cp314-musllinux_1_2_aarch64.whl", hash = "sha256:419e4397a36e2665ec992d8d64c20ba4b2a42500c76ecadeca78a4f19cb9cc32", size = 2398228, upload-time = "2026-04-07T11:15:37.669Z" },
    { url = "https://files.pythonhosted.org/packages/0b/15/a8982f649150fffbdcd6f17565974501f6ab33b2795267bffbd4a7ba905b/rapidfuzz-3.14.5-cp314-cp314-musllinux_1_2_riscv64.whl", hash = "sha256:97131ab2be39043054ee28d99e09efe316e6d53449b7e962dfcf3c2de8b2b246", size = 2497226, upload-time = "2026-04-07T11:15:39.857Z" },
    { url = "https://files.pythonhosted.org/packages/19/52/5267c03ef6759831b7d4625a0c9c06e87baa2fae084b61ac9c388858317b/rapidfuzz-3.14.5-cp314-cp314-musllinux_1_2_x86_64.whl", hash = "sha256:593c00dac4e30231c35bf3b4f1da8ec0998762e9e94425586a5d636fcd57f9d0", size = 4262283, upload-time = "2026-04-07T11:15:42.279Z" },
    { url = "https://files.pythonhosted.org/packages/71/c0/2579f343a97f5254c43bb5853baccc01488357dcb64a27bcb869b7888a4a/rapidfuzz-3.14.5-cp314-cp314-win32.whl", hash = "sha256:0084b687b02b4e569b46d8d6d4ad25659528e6081cd6d067ca453a69035f07e4", size = 1744614, upload-time = "2026-04-07T11:15:44.498Z" },
    { url = "https://files.pythonhosted.org/packages/17/eb/8edfed1e80119dc9c35b11df4bc701eea85622ad681fff0263b6961d3224/rapidfuzz-3.14.5-cp314-cp314-win_amd64.whl", hash = "sha256:5dfa89d78f22cd773054caff44827b846161a29f2dcf7e78b8f90d086621e502", size = 1588971, upload-time = "2026-04-07T11:15:46.86Z" },
    { url = "https://files.pythonhosted.org/packages/f6/04/5676df93c85cfa57a3045d8047318df9f3cd58c7b8a99340dd95f874795e/rapidfuzz-3.14.5-cp314-cp314-win_arm64.whl", hash = "sha256:67f3f9d2b444268ab53e47d31bab89954888d23c04c6789f2c727e51fe4b1d13", size = 834985, upload-time = "2026-04-07T11:15:49.411Z" },
    { url = "https://files.pythonhosted.org/packages/f7/0d/4a8988cea658fe335048ddef8c876addff1b6daa3c9ca8ad65a5a2196e69/rapidfuzz-3.14.5-cp314-cp314t-macosx_10_15_x86_64.whl", hash = "sha256:77eac0526899b3c3ad1454bb2b03cdb491d67358ec8ef0c9c48bd61b632b431d", size = 1972517, upload-time = "2026-04-07T11:15:51.819Z" },
    { url = "https://files.pythonhosted.org/packages/1c/a3/f5cfd9965a9d9a9e32249159797c47b5d6299ea6d1629f9126b25f1c10a3/rapidfuzz-3.14.5-cp314-cp314t-macosx_11_0_arm64.whl", hash = "sha256:b9c6bd754d11f6e78ac54e3d86b4b11dc1ba2f13e5fc958899574532897f5a99", size = 1196056, upload-time = "2026-04-07T11:15:54.292Z" },
    { url = "https://files.pythonhosted.org/packages/64/07/561c2e40cfd10e6630a7b0ac5a2a813aef50d944bcd1f3d260319d659d5b/rapidfuzz-3.14.5-cp314-cp314t-manylinux_2_26_aarch64.manylinux_2_28_aarch64.whl", hash = "sha256:738c96944d076deeaff70e92b65696ab4f7ecb8081d7791c5403a3257dfaf8ff", size = 1374732, upload-time = "2026-04-07T11:15:56.584Z" },
    { url = "https://files.pythonhosted.org/packages/c2/39/123bb94fee40e2fb3b7c49b80827c7ef42d838e18def3fc2fef5a3cf817a/rapidfuzz-3.14.5-cp314-cp314t-manylinux_2_27_x86_64.manylinux_2_28_x86_64.whl", hash = "sha256:f4c1bca487a17fe4226b4ffb2d30e799d2b274d692cffa76bd0746f56235fca3", size = 3166902, upload-time = "2026-04-07T11:15:58.768Z" },
    { url = "https://files.pythonhosted.org/packages/75/0a/45716fafc9fd2e028cf20b5ac5bc704887081cd312f84edb0e325599414b/rapidfuzz-3.14.5-cp314-cp314t-manylinux_2_39_riscv64.whl", hash = "sha256:af6a90a4ed2a48fa1a2d17e9d824e6c7c950bea5bad0b707c77fd55751e6bfef", size = 1452130, upload-time = "2026-04-07T11:16:01.453Z" },
    { url = "https://files.pythonhosted.org/packages/ca/49/4e96c413114398481c0a5b0086af32c364a18613c9a2ea578d17c4bea4ee/rapidfuzz-3.14.5-cp314-cp314t-musllinux_1_2_aarch64.whl", hash = "sha256:bf5018938208d4597b2e679a4f8cff9fd252f1df53583130ae56281a21801b64", size = 2396308, upload-time = "2026-04-07T11:16:03.588Z" },
    { url = "https://files.pythonhosted.org/packages/89/b7/49fea9fc6878d59bd259d01dd1972d9b86117992b1c66d9b16f0a65273c3/rapidfuzz-3.14.5-cp314-cp314t-musllinux_1_2_riscv64.whl", hash = "sha256:c0919d1f89ddf91129906705723118ea09754171e4116f5a5dbc667c7bc9b261", size = 2488210, upload-time = "2026-04-07T11:16:05.871Z" },
    { url = "https://files.pythonhosted.org/packages/0c/44/a1f732b93ffacbdad077b7c801149549b2938e1bece6addb5ad85ed74df8/rapidfuzz-3.14.5-cp314-cp314t-musllinux_1_2_x86_64.whl", hash = "sha256:93d8da883a35116d6813432177f35e570db5b0a5e30ecb0cbd7cb39c815735df", size = 4270621, upload-time = "2026-04-07T11:16:08.483Z" },
    { url = "https://files.pythonhosted.org/packages/bb/ce/ff942d19fce5385054650bb71a58495ddda299d94661ccc4e6e7fa44868b/rapidfuzz-3.14.5-cp314-cp314t-win32.whl", hash = "sha256:0f23e37019ec07712d58976b1ab2b889f8649a7f7c2f626a2f34ea9139e79279", size = 1803950, upload-time = "2026-04-07T11:16:10.873Z" },
    { url = "https://files.pythonhosted.org/packages/5c/0f/9aafc63f9661222b819b391c187eed29fc90ad5935f9690e5ecc2d2047a4/rapidfuzz-3.14.5-cp314-cp314t-win_amd64.whl", hash = "sha256:7d5ca9c7832e6879a707296d1463685f7c243a27846227044504741640caec66", size = 1632357, upload-time = "2026-04-07T11:16:13.1Z" },
    { url = "https://files.pythonhosted.org/packages/70/a6/51fc1b0e61e3326e1c68a61cfd0c6b3c34c843681c4b1eefbf0596f59162/rapidfuzz-3.14.5-cp314-cp314t-win_arm64.whl", hash = "sha256:3e91dcd2549b8f8d843f98ba03a17e01f3d8b72ce942adbbb6761bc58ffce813", size = 855409, upload-time = "2026-04-07T11:16:15.787Z" },
]

[[package]]
name = "ujson"
version = "5.13.0"
source = { registry = "https://pypi.org/simple" }
sdist = { url = "https://files.pythonhosted.org/packages/89/7a/c8bb37c8f6f3623d60c33d15d18cd6d6655d0f9c3eb31a9969f76361b199/ujson-5.13.0.tar.gz", hash = "sha256:d62e3d7625384c08082abad81a077af587fdef2761bb14c3822f4234b8d07d75", size = 7166784, upload-time = "2026-06-14T22:36:50.209Z" }
wheels = [
    { url = "https://files.pythonhosted.org/packages/ee/ae/b66deca15da1f7faf6952d8eddf55978482bcbfd294ed2afe2c526ea325f/ujson-5.13.0-cp312-cp312-macosx_10_13_x86_64.whl", hash = "sha256:bf81570ac056cb058f9117b52ca5dd800bfe9381d0076d0bb30a08a54591d654", size = 56743, upload-time = "2026-06-14T22:35:28.863Z" },
    { url = "https://files.pythonhosted.org/packages/88/4f/b03bcc9eaf4621ac9008dec90918d8fb4839d611666cb99eb255696c67fe/ujson-5.13.0-cp312-cp312-macosx_11_0_arm64.whl", hash = "sha256:7edf16359c52ed53406e216565d83e6b98c23c3cb9a0a01673f2493f8fb15edf", size = 54390, upload-time = "2026-06-14T22:35:29.857Z" },
    { url = "https://files.pythonhosted.org/packages/77/79/f98c6c1a4ed9d92d39d5d2d133f2b6fce5da11ea50c341117aedde8011c4/ujson-5.13.0-cp312-cp312-manylinux1_i686.manylinux2014_i686.manylinux_2_17_i686.manylinux_2_5_i686.whl", hash = "sha256:24539618fb3243cfdf27dab9a850acab80798a01501e9586b61fb9ecd016a891", size = 60047, upload-time = "2026-06-14T22:35:30.857Z" },
    { url = "https://files.pythonhosted.org/packages/bc/1d/f68e14cf476d149945211142f4c20782c1f232c489e8edcc4f4b58ce4997/ujson-5.13.0-cp312-cp312-manylinux2014_aarch64.manylinux_2_17_aarch64.whl", hash = "sha256:fdde6341d213b29f413b5fa9fad1392d5408074c75f0900ed949e97e546fa5df", size = 53437, upload-time = "2026-06-14T22:35:31.835Z" },
    { url = "https://files.pythonhosted.org/packages/7d/1a/5718237cf4141e5be46ff371387e90b01f27774cb6f0f79ff4803a2430ca/ujson-5.13.0-cp312-cp312-manylinux2014_x86_64.manylinux_2_17_x86_64.whl", hash = "sha256:229faf041ef249ee3fd57bac1cedb123d2718ab63f6ccd50eca95ea902eb0dca", size = 55057, upload-time = "2026-06-14T22:35:32.897Z" },
    { url = "https://files.pythonhosted.org/packages/f6/6f/7f55c1e9e0be87beebaed553fa186ad5f6d5d639cbaa9d49f78f2f91c3a9/ujson-5.13.0-cp312-cp312-manylinux_2_24_aarch64.manylinux_2_28_aarch64.whl", hash = "sha256:1d02f31c2f59cc6a1c2c3633b377701fc2d8e876cc01950735d7a01132ccc233", size = 58186, upload-time = "2026-06-14T22:35:34.055Z" },
    { url = "https://files.pythonhosted.org/packages/bc/c4/9a34ade542426f56a0bc042f774073d1c247ae7575363c27587788cb2b2f/ujson-5.13.0-cp312-cp312-manylinux_2_24_x86_64.manylinux_2_28_x86_64.whl", hash = "sha256:ea7204e9fa7538bfbb1396e1ee8c2bbcd3818b3633ef5bb14d4fdea52994d14d", size = 57935, upload-time = "2026-06-14T22:35:35.05Z" },
    { url = "https://files.pythonhosted.org/packages/36/06/407633f0709e168107f56368bd5a0fa8fe07acd7f1d3000710bc0bb07470/ujson-5.13.0-cp312-cp312-musllinux_1_2_aarch64.whl", hash = "sha256:7c5a2478a3a1fa4421f7e035b87194eea0cf44c7971a3f32ad1b42a0dfd63c03", size = 1037685, upload-time = "2026-06-14T22:35:36.022Z" },
    { url = "https://files.pythonhosted.org/packages/c3/df/eb5bd92dc1b23254fea5b2022007baff5491a7478bfcf7e9260d3a10f1ac/ujson-5.13.0-cp312-cp312-musllinux_1_2_i686.whl", hash = "sha256:b535e0970c96957e999cfe5ec89361f0e8d0bb987fb5d5144f6f495cb3ed9e19", size = 1197141, upload-time = "2026-06-14T22:35:37.38Z" },
    { url = "https://files.pythonhosted.org/packages/cb/1c/65f2ce1a0411ec9a87339db01f0d5d554a49c4248ec68ab52a1b7e14e9c4/ujson-5.13.0-cp312-cp312-musllinux_1_2_x86_64.whl", hash = "sha256:3d0ad1207694988498fca7e0bb28eba7564fa33261d2f9fdf66a3aaab376b803", size = 1090225, upload-time = "2026-06-14T22:35:38.95Z" },
    { url = "https://files.pythonhosted.org/packages/73/53/310aabff0704f9c7ef0d3f431ce8b8e3147c3cca25334a205615c511f65e/ujson-5.13.0-cp312-cp312-win32.whl", hash = "sha256:d6bc9fa43a49e403c68c7eb164eef0feee9dd29474a7c6e0d3b6267025371990", size = 40075, upload-time = "2026-06-14T22:35:40.44Z" },
    { url = "https://files.pythonhosted.org/packages/b5/23/d3536d8945d1bb00248d998c8dcbe678a884681ad181072daecfafe4eea6/ujson-5.13.0-cp312-cp312-win_amd64.whl", hash = "sha256:6692d49ff970aaa5008f4a6fe06974bc91fd957bf13173f765e46d8ba44906ea", size = 41097, upload-time = "2026-06-14T22:35:41.39Z" },
    { url = "https://files.pythonhosted.org/packages/72/a1/4b147c06ee5bb14bec6e26786358c8510c4d75e28b88146a6ac7620f1f71/ujson-5.13.0-cp312-cp312-win_arm64.whl", hash = "sha256:5737ffe0740a788b0e6255f0ffb281db49305fd6e6a587be44c73d9e92b554c4", size = 38875, upload-time = "2026-06-14T22:35:42.357Z" },
    { url = "https://files.pythonhosted.org/packages/a7/f1/fe8a467d8ff5821e076b96f398d3acfe3cd568d900e6ccb41b215592b152/ujson-5.13.0-cp313-cp313-macosx_10_13_x86_64.whl", hash = "sha256:46998fc8d11aec34a20e2010905e7059732a3d192d9a3c3fe4f9ffd146c87ec8", size = 56746, upload-time = "2026-06-14T22:35:43.398Z" },
    { url = "https://files.pythonhosted.org/packages/6a/c0/c7ab82d6471dfa7e4fd68ae6ff2c6a50d077c05d6ecdea0cec8af635b2c4/ujson-5.13.0-cp313-cp313-macosx_11_0_arm64.whl", hash = "sha256:ee03ce288ba25b05cf0de87203165642277a25caa4f00a437e13152e5214e310", size = 54388, upload-time = "2026-06-14T22:35:44.586Z" },
    { url = "https://files.pythonhosted.org/packages/10/e6/4e9e998d991ff88bbc93b21daa63bba2baa61c6f952dbcec937cf7304ebe/ujson-5.13.0-cp313-cp313-manylinux1_i686.manylinux2014_i686.manylinux_2_17_i686.manylinux_2_5_i686.whl", hash = "sha256:cdf33b588a81b05d0b585c66f83050c49cb670623424d10e4d1ad37ba2f7eed9", size = 60051, upload-time = "2026-06-14T22:35:45.567Z" },
    { url = "https://files.pythonhosted.org/packages/9c/11/876dff43f05417a01c6119f0fa10e01f1226631c5927ef08f56876b2bb67/ujson-5.13.0-cp313-cp313-manylinux2014_aarch64.manylinux_2_17_aarch64.whl", hash = "sha256:4cabd73c114ce93c21d7db2e2d8e16217fd8a5b2b3ec754629eebef5c262d47f", size = 53438, upload-time = "2026-06-14T22:35:46.623Z" },
    { url = "https://files.pythonhosted.org/packages/09/02/f9dbf6c3e46d700eb1d9ed637567221a06eeb1ec289633be992ef54d7a34/ujson-5.13.0-cp313-cp313-manylinux2014_x86_64.manylinux_2_17_x86_64.whl", hash = "sha256:ffc61fc756a64f4d169a78cc638d769e3c324f45fc51997626abf4e5e5dd6460", size = 55060, upload-time = "2026-06-14T22:35:47.647Z" },
    { url = "https://files.pythonhosted.org/packages/bc/3d/7e49a70265a1e5ed1b5e8edd5f54d57ae41e2134faeae9b16f6f5a0eae20/ujson-5.13.0-cp313-cp313-manylinux_2_24_aarch64.manylinux_2_28_aarch64.whl", hash = "sha256:2c00323c13a35822c9a67a26c0b2a0787510bf1ef490922b58009b362d1a3e21", size = 58189, upload-time = "2026-06-14T22:35:48.617Z" },
    { url = "https://files.pythonhosted.org/packages/66/34/b64278f67e19052f09810576c7e50b3da8d4f5218b226046324d4d5c24b4/ujson-5.13.0-cp313-cp313-manylinux_2_24_x86_64.manylinux_2_28_x86_64.whl", hash = "sha256:496e662a6b46d5f936d77fb68259cece19213bb2301ddd520dbd75ac7c90c5f4", size = 57941, upload-time = "2026-06-14T22:35:49.674Z" },
    { url = "https://files.pythonhosted.org/packages/a9/8c/51513357a5c75bf3e5bae46accfdb3e6e6f5caeb72ca8b253ec45ba853fb/ujson-5.13.0-cp313-cp313-musllinux_1_2_aarch64.whl", hash = "sha256:7fd41b86444df14f8b4b7afaaa9f27bacfbf8c18380872317aeab6cd125dcede", size = 1037688, upload-time = "2026-06-14T22:35:50.699Z" },
    { url = "https://files.pythonhosted.org/packages/54/5a/dc6afe071d6b977390d2dc41e15800a2716f317988dd03187cffe7b4d624/ujson-5.13.0-cp313-cp313-musllinux_1_2_i686.whl", hash = "sha256:bf3c2c4ea55d4187903fcdc689a9bf5b0fc72d8c0eaff39db18c1f337c8832c1", size = 1197141, upload-time = "2026-06-14T22:35:52.052Z" },
    { url = "https://files.pythonhosted.org/packages/50/23/b473d101412c68527cb502a8728f96ab307aa7bfa75d6ea2037e2c7f74e8/ujson-5.13.0-cp313-cp313-musllinux_1_2_x86_64.whl", hash = "sha256:b6eca7751d61045a9b1e7f9a8c97ac24b164f085b60bef1c4668654bb2338011", size = 1090235, upload-time = "2026-06-14T22:35:53.589Z" },
    { url = "https://files.pythonhosted.org/packages/fa/0a/8e583cce90f9f91ca1bedb3e628b6f5642aed91feb29b197431268d4c4be/ujson-5.13.0-cp313-cp313-win32.whl", hash = "sha256:b63d3820f978bc8e98cc3f1fe26a33b0d2ea237733a23fe5e9cb5d51f466bd97", size = 40069, upload-time = "2026-06-14T22:35:55.019Z" },
    { url = "https://files.pythonhosted.org/packages/b4/b5/1fe203bc294e98fdd65606883692ad8dc0aaac73838b89c99c3513404424/ujson-5.13.0-cp313-cp313-win_amd64.whl", hash = "sha256:17a59d5cf23ef98f7c9314524976b4b288374d83200add01d953024fb06404f9", size = 41098, upload-time = "2026-06-14T22:35:55.966Z" },
    { url = "https://files.pythonhosted.org/packages/50/5e/aceadce24fdb7cbc67f02286b1d4e91a575aaef5afb876c9908d6e6e5769/ujson-5.13.0-cp313-cp313-win_arm64.whl", hash = "sha256:b49516fbe803ff30d6caa9ccc3799ec7f968992747ce3099eae4758928577b53", size = 38877, upload-time = "2026-06-14T22:35:56.936Z" },
    { url = "https://files.pythonhosted.org/packages/1c/9a/b5139d696f5328f3cab70b9ec046f15e3f49497a4de6280974640602f539/ujson-5.13.0-cp314-cp314-macosx_10_15_x86_64.whl", hash = "sha256:cc9dfd41fed397ab03bb9d9fe1cbd83301211c772a17536033ce7d68877ac82b", size = 56897, upload-time = "2026-06-14T22:35:57.974Z" },
    { url = "https://files.pythonhosted.org/packages/53/55/477183aeddfdf0f88ae039ffee0ed866cfb993da0c0c9aa915807554aef8/ujson-5.13.0-cp314-cp314-macosx_11_0_arm64.whl", hash = "sha256:ca7ef2fa6c408a7c0f558e4d33d93b32ddc35ed6d3cfc505747931a64b7465d5", size = 54451, upload-time = "2026-06-14T22:35:58.932Z" },
    { url = "https://files.pythonhosted.org/packages/ea/63/55e5f23e156b4c8bca095d828b4cd3180c0b42aa3501ef88836d79606fea/ujson-5.13.0-cp314-cp314-manylinux1_i686.manylinux2014_i686.manylinux_2_17_i686.manylinux_2_5_i686.whl", hash = "sha256:a554b2e5bee85030369514cef8b0b913cebe1a4c2c0c13541966d50bcba22b1a", size = 60053, upload-time = "2026-06-14T22:35:59.969Z" },
    { url = "https://files.pythonhosted.org/packages/26/b6/08c6cf5548bd6f4bb557c9fa7e8edf87324bb04c17249d1966028d61dde0/ujson-5.13.0-cp314-cp314-manylinux2014_aarch64.manylinux_2_17_aarch64.whl", hash = "sha256:ea939ff629ab03ae970d03eca6d1febd8ed55ba38ca44aec64ce997537cd3fa0", size = 53481, upload-time = "2026-06-14T22:36:01.007Z" },
    { url = "https://files.pythonhosted.org/packages/6e/b3/0ac9a03551467784067f505df1bb875c639ba32f1da79ce467ab15911ada/ujson-5.13.0-cp314-cp314-manylinux2014_x86_64.manylinux_2_17_x86_64.whl", hash = "sha256:b98bf2faa5e37ecfe752226ea08290031e375a0c43d425a0b955fb3e702a2a71", size = 55058, upload-time = "2026-06-14T22:36:02.297Z" },
    { url = "https://files.pythonhosted.org/packages/ba/be/ec91029aec067174473d022fa0f6c3c1431a173f888d7599739f05c668eb/ujson-5.13.0-cp314-cp314-manylinux_2_24_aarch64.manylinux_2_28_aarch64.whl", hash = "sha256:9a4b92344b16e414aeb609e57f62c466500e53c94f1698f5b149dc0b7223ec3e", size = 58225, upload-time = "2026-06-14T22:36:03.321Z" },
    { url = "https://files.pythonhosted.org/packages/29/33/a948f329252ece3f9c93d177243de6e677927ebc6ac44256742dbbef3c39/ujson-5.13.0-cp314-cp314-manylinux_2_24_x86_64.manylinux_2_28_x86_64.whl", hash = "sha256:7df805aad707507a1fa165fb716218ca3a89f142125dc4b23c9fcc08fa402d97", size = 57930, upload-time = "2026-06-14T22:36:04.385Z" },
    { url = "https://files.pythonhosted.org/packages/f1/0c/c33655218b8e0a8adbf066de0b999cae5c324061f3eaa4dda17423145d9e/ujson-5.13.0-cp314-cp314-musllinux_1_2_aarch64.whl", hash = "sha256:7576bdbef327c3528f011002a2d74486f6fe4e33289bdb7a042b7f1a6e9d8285", size = 1037728, upload-time = "2026-06-14T22:36:05.467Z" },
    { url = "https://files.pythonhosted.org/packages/2c/bd/d286947525ea7ce3f2d8dc55c15b9ffbe425bc455c96af7b8f8a402599a9/ujson-5.13.0-cp314-cp314-musllinux_1_2_i686.whl", hash = "sha256:6eee5d7cce3f32a468905f9ff61807a60287a90258d849460f6fa826e810870d", size = 1197146, upload-time = "2026-06-14T22:36:06.839Z" },
    { url = "https://files.pythonhosted.org/packages/3c/3c/9eb916377050b0785f048a34588c1c390ddd41ae00b78db68ee1ad022356/ujson-5.13.0-cp314-cp314-musllinux_1_2_x86_64.whl", hash = "sha256:144e9d8a454cfa727e0f755e1863738ed68068583bda5463052cb446835bd56c", size = 1090223, upload-time = "2026-06-14T22:36:08.329Z" },
    { url = "https://files.pythonhosted.org/packages/dd/5f/242fd97a2628b842d4bfaa9b18e1f68187f934d67503291ebbaab1254637/ujson-5.13.0-cp314-cp314-win32.whl", hash = "sha256:576f35c35b918d67d41b933878062ec0a5c9f4d1e9e14e04aeef35384963feae", size = 41223, upload-time = "2026-06-14T22:36:09.644Z" },
    { url = "https://files.pythonhosted.org/packages/23/f3/7f2bd9ca0c507142d0c22347b3d6f8803be1d8851c31707e57f5923fdbea/ujson-5.13.0-cp314-cp314-win_amd64.whl", hash = "sha256:d5e206e9f849ead27e51ef8da44e52b38da7c6dbd929a7340ab44533edcda8d7", size = 42265, upload-time = "2026-06-14T22:36:11.043Z" },
    { url = "https://files.pythonhosted.org/packages/b0/29/3e9a8fba321c031315f6d263510969a5d01f41fc471b5be107e413c1b2f8/ujson-5.13.0-cp314-cp314-win_arm64.whl", hash = "sha256:dc470179775468f9a007d3a6a2734624248c94bf47c6645e808c7e50a5070d1a", size = 40205, upload-time = "2026-06-14T22:36:12.286Z" },
    { url = "https://files.pythonhosted.org/packages/12/e9/1c543837c6a3c6672361882a0fa269bd02daf9cc4c0ca88a9dccd9df98d9/ujson-5.13.0-cp314-cp314t-macosx_10_15_x86_64.whl", hash = "sha256:69b4e36bb7d5f413ba8c00c8006b2ec627cc5ace97301462f6aadb66ec9d2979", size = 57402, upload-time = "2026-06-14T22:36:13.238Z" },
    { url = "https://files.pythonhosted.org/packages/99/e4/39862f0f7174ff07cfd1e2d0c9065ded34aeebdb7db8daf2f0e5bf89b46f/ujson-5.13.0-cp314-cp314t-macosx_11_0_arm64.whl", hash = "sha256:8b644d50f66de5490c1823c7176618cead5e8e8a88cba9f40a6308ca52e79267", size = 54973, upload-time = "2026-06-14T22:36:14.432Z" },
    { url = "https://files.pythonhosted.org/packages/02/66/f53d3b32c3f177f846ca6b624e832f29000d8a213a2d8768e254bd470ced/ujson-5.13.0-cp314-cp314t-manylinux1_i686.manylinux2014_i686.manylinux_2_17_i686.manylinux_2_5_i686.whl", hash = "sha256:15107aaa4f559d55201165ec32abb35c283a861be1fa67229578cb7d93fcd93a", size = 60683, upload-time = "2026-06-14T22:36:15.806Z" },
    { url = "https://files.pythonhosted.org/packages/e6/d4/dddc4646d2633c85c938c2ded7d5a9711cdad5be1e13b31b7dad76f61c83/ujson-5.13.0-cp314-cp314t-manylinux2014_aarch64.manylinux_2_17_aarch64.whl", hash = "sha256:6e343c5f0c058523f1edbf6ae4eceb4e0d934205a53bbdd8d9a945c83324662a", size = 54167, upload-time = "2026-06-14T22:36:16.952Z" },
    { url = "https://files.pythonhosted.org/packages/5f/c0/d8608c3f4d3f05e6441364b63fde1d279700135c1a6577a773662c07fbcc/ujson-5.13.0-cp314-cp314t-manylinux2014_x86_64.manylinux_2_17_x86_64.whl", hash = "sha256:02200035bc80e830f076ffc1b329a94c295aee6d9de8c9043647cb9a7bd4f76f", size = 55568, upload-time = "2026-06-14T22:36:17.975Z" },
    { url = "https://files.pythonhosted.org/packages/22/8e/dd12b735aaba0806c3d70c18184d50e1f9712e0757c7c0a4f376450cfe28/ujson-5.13.0-cp314-cp314t-manylinux_2_24_aarch64.manylinux_2_28_aarch64.whl", hash = "sha256:d7f19b81b73ff28f5c5022ee794f94122bfcda07a76423078e349465d71223a1", size = 59086, upload-time = "2026-06-14T22:36:19.071Z" },
    { url = "https://files.pythonhosted.org/packages/48/43/ad41e8752d5ec3a590a5e7b426a54e36b7aab911d9b5a4f7384dc62507ab/ujson-5.13.0-cp314-cp314t-manylinux_2_24_x86_64.manylinux_2_28_x86_64.whl", hash = "sha256:82e1393e6dbe3c95fdfc95c6c528890e191351a1f024ef51126cf1f22543af52", size = 58667, upload-time = "2026-06-14T22:36:20.171Z" },
    { url = "https://files.pythonhosted.org/packages/e1/8e/b44a6afb77b94118655c029081b7932d64bb4c5b1c8ba2b7f5808b5d0bc2/ujson-5.13.0-cp314-cp314t-musllinux_1_2_aarch64.whl", hash = "sha256:38afcf994b28ed85ea2420e2a8d79a37d0a77348b3daf53850c16edda66f942d", size = 1038553, upload-time = "2026-06-14T22:36:21.245Z" },
    { url = "https://files.pythonhosted.org/packages/7e/93/fab1d786174c8780eb3e386c73f1925a435e97fbf77c957fea4fca83994d/ujson-5.13.0-cp314-cp314t-musllinux_1_2_i686.whl", hash = "sha256:1bdf2518971586f2b413156c49d9dd8b56cc990a8647081e1bd00af60564d469", size = 1197938, upload-time = "2026-06-14T22:36:22.585Z" },
    { url = "https://files.pythonhosted.org/packages/f3/bc/2f073bb708f9d128f5d1cb39063a5f6421b1ce94c61be8661c55a189f407/ujson-5.13.0-cp314-cp314t-musllinux_1_2_x86_64.whl", hash = "sha256:751ad01042472f1c7c02f5c597c7aee79834e82a6cc384ca302173bbc8e8deb8", size = 1090938, upload-time = "2026-06-14T22:36:23.947Z" },
    { url = "https://files.pythonhosted.org/packages/c4/67/cdaa50bba29d7dc9eb19212755b09bb96f56596e75957c3717c6b85454de/ujson-5.13.0-cp314-cp314t-win32.whl", hash = "sha256:74f3dd61aeb01b7b2a6754e400224e819279041b3867935a55ccf57fb86a43b2", size = 41802, upload-time = "2026-06-14T22:36:25.418Z" },
    { url = "https://files.pythonhosted.org/packages/bd/66/a6e669e90083febdf6c0600d3807f6017fd4d3962d5bd6ddc605c73a06e5/ujson-5.13.0-cp314-cp314t-win_amd64.whl", hash = "sha256:5c31317d5e4504dae8f98795358b6082fc0ef96e7394806db0a76a4a8717f446", size = 42790, upload-time = "2026-06-14T22:36:26.614Z" },
    { url = "https://files.pythonhosted.org/packages/3d/5f/fcc6c6a9d711fd8b020ca8ff65148212f0a712c809d173cd949e58de68c6/ujson-5.13.0-cp314-cp314t-win_arm64.whl", hash = "sha256:aefd3c9c95f9b62348956396ff7b31818476f8f54dc4a4e64cbd4f0491db6fca", size = 40708, upload-time = "2026-06-14T22:36:27.721Z" },
    { url = "https://files.pythonhosted.org/packages/30/70/dbdd277d64bd3a149532567ceb082fe26f4ead58c39e0a97566ccbdf14a3/ujson-5.13.0-graalpy312-graalpy250_312_native-macosx_11_0_arm64.whl", hash = "sha256:3e074a1f7778d58aa3b3056bab7b6251aabb3f381808018ca2b7fb8dbdeef7ab", size = 58393, upload-time = "2026-06-14T22:36:28.702Z" },
    { url = "https://files.pythonhosted.org/packages/71/48/592c70af94a67cafacd9c840ae2980f27d511dde2732a4c0dfac8f176ae8/ujson-5.13.0-graalpy312-graalpy250_312_native-manylinux2014_aarch64.manylinux_2_17_aarch64.whl", hash = "sha256:8bb53ef95d35875262b8d0aa28506ca612ddd07058bee2a90f609938e69dc801", size = 54447, upload-time = "2026-06-14T22:36:29.802Z" },
    { url = "https://files.pythonhosted.org/packages/f2/9d/2bb91e1e25a8584cb3b63544b9bd26f621173535c77ac6cae13bad8e7904/ujson-5.13.0-graalpy312-graalpy250_312_native-manylinux2014_x86_64.manylinux_2_17_x86_64.whl", hash = "sha256:fb296a0aa480ab88d895ddaa90372604c08ccc72323f02590612c775426ab413", size = 56066, upload-time = "2026-06-14T22:36:30.806Z" },
    { url = "https://files.pythonhosted.org/packages/76/ec/8e3802fc4a4e31e817b972bbb0e704a484d8c75ec349b3feb45fa9fb54c4/ujson-5.13.0-graalpy312-graalpy250_312_native-manylinux_2_24_aarch64.manylinux_2_28_aarch64.whl", hash = "sha256:2862f81af44b3a7e74c5d80caa118d736be1991ce6f1d5c723716fa403060cc6", size = 54938, upload-time = "2026-06-14T22:36:32.051Z" },
    { url = "https://files.pythonhosted.org/packages/4a/48/d0e3e511039b86fd1ecfe2bf761c800552d273ef8f19e71de93bf38a909e/ujson-5.13.0-graalpy312-graalpy250_312_native-manylinux_2_24_x86_64.manylinux_2_28_x86_64.whl", hash = "sha256:c16e07581172f08585b409246f4535dab13ee85af0e3d3cfa8684b653ca44fa8", size = 56115, upload-time = "2026-06-14T22:36:33.349Z" },
    { url = "https://files.pythonhosted.org/packages/81/b5/689613037fe691d18eae075cd141089f3a3156146be14512df92d8a9ae8f/ujson-5.13.0-graalpy312-graalpy250_312_native-win_amd64.whl", hash = "sha256:9bd0f2dd05937c3b089af316884de18c6f6182ddb8ffce597d2e7c7a9ba9f447", size = 41802, upload-time = "2026-06-14T22:36:34.523Z" },
]
